
Microsoft Visual Studio Solution File, Format Version 12.00
# Visual Studio Version 17
VisualStudioVersion = 17.2.32616.157
MinimumVisualStudioVersion = 10.0.40219.1
Project("{9A19103F-16F7-4668-BE54-9A1E7A4F7556}") = "NoiseMapGeneratorArray", "NoiseMapGeneratorArray\NoiseMapGeneratorArray.csproj", "{5E8A90C0-77F6-4038-9E29-52740AF1E546}"
EndProject
Project("{9A19103F-16F7-4668-BE54-9A1E7A4F7556}") = "MapGenerator", "MapGenerator\MapGenerator.csproj", "{12499003-8F0A-464E-B2FA-49B0CE354C97}"
EndProject
Global
	GlobalSection(SolutionConfigurationPlatforms) = preSolution
		Debug|Any CPU = Debug|Any CPU
		Release|Any CPU = Release|Any CPU
	EndGlobalSection
	GlobalSection(ProjectConfigurationPlatforms) = postSolution
		{5E8A90C0-77F6-4038-9E29-52740AF1E546}.Debug|Any CPU.ActiveCfg = Debug|Any CPU
		{5E8A90C0-77F6-4038-9E29-52740AF1E546}.Debug|Any CPU.Build.0 = Debug|Any CPU
		{5E8A90C0-77F6-4038-9E29-52740AF1E546}.Release|Any CPU.ActiveCfg = Release|Any CPU
		{5E8A90C0-77F6-4038-9E29-52740AF1E546}.Release|Any CPU.Build.0 = Release|Any CPU
		{12499003-8F0A-464E-B2FA-49B0CE354C97}.Debug|Any CPU.ActiveCfg = Debug|Any CPU
		{12499003-8F0A-464E-B2FA-49B0CE354C97}.Debug|Any CPU.Build.0 = Debug|Any CPU
		{12499003-8F0A-464E-B2FA-49B0CE354C97}.Release|Any CPU.ActiveCfg = Release|Any CPU
		{12499003-8F0A-464E-B2FA-49B0CE354C97}.Release|Any CPU.Build.0 = Release|Any CPU
	EndGlobalSection
	GlobalSection(SolutionProperties) = preSolution
		HideSolutionNode = FALSE
	EndGlobalSection
	GlobalSection(ExtensibilityGlobals) = postSolution
		SolutionGuid = {48131FDF-8D19-43C6-96B2-E2EA7981E7E5}
	EndGlobalSection
EndGlobal
